
Microsoft Visual Studio Solution File, Format Version 12.00
# Visual Studio 2013
VisualStudioVersion = 12.0.31101.0
MinimumVisualStudioVersion = 10.0.40219.1
Project("{8BC9CEB8-8B4A-11D0-8D11-00A0C91BC942}") = "Multifile project", "Multifile project\Multifile project.vcxproj", "{63E326D3-EA8B-4318-AD6A-CE4360CE1E83}"
EndProject
Global
	GlobalSection(SolutionConfigurationPlatforms) = preSolution
		Debug|Win32 = Debug|Win32
		Release|Win32 = Release|Win32
	EndGlobalSection
	GlobalSection(ProjectConfigurationPlatforms) = postSolution
		{63E326D3-EA8B-4318-AD6A-CE4360CE1E83}.Debug|Win32.ActiveCfg = Debug|Win32
		{63E326D3-EA8B-4318-AD6A-CE4360CE1E83}.Debug|Win32.Build.0 = Debug|Win32
		{63E326D3-EA8B-4318-AD6A-CE4360CE1E83}.Release|Win32.ActiveCfg = Release|Win32
		{63E326D3-EA8B-4318-AD6A-CE4360CE1E83}.Release|Win32.Build.0 = Release|Win32
	EndGlobalSection
	GlobalSection(SolutionProperties) = preSolution
		HideSolutionNode = FALSE
	EndGlobalSection
EndGlobal
